
Microsoft Visual Studio Solution File, Format Version 12.00
# Visual Studio Version 17
VisualStudioVersion = 17.0.31912.275
MinimumVisualStudioVersion = 10.0.40219.1
Project("{9A19103F-16F7-4668-BE54-9A1E7A4F7556}") = "MacNuget.Warehouse.API", "MacNuget.Warehouse.API\MacNuget.Warehouse.API.csproj", "{D8F563B2-39E1-476E-B819-E868C427F0F2}"
EndProject
Project("{FAE04EC0-301F-11D3-BF4B-00C04F79EFBC}") = "MacNuget.Warehouse.Domain", "MacNuget.Warehouse.Domain\MacNuget.Warehouse.Domain.csproj", "{A85027DD-F3D5-422D-922B-6699498C254B}"
EndProject
Project("{FAE04EC0-301F-11D3-BF4B-00C04F79EFBC}") = "MacNuget.Warehouse.ApplicationCore", "MacNuget.Warehouse.ApplicationCore\MacNuget.Warehouse.ApplicationCore.csproj", "{7A77B7A3-F1F6-4982-9762-B0942D8BC3C1}"
EndProject
Project("{FAE04EC0-301F-11D3-BF4B-00C04F79EFBC}") = "MacNuget.Warehouse.Infrastructure", "MacNuget.Warehouse.Infrastructure\MacNuget.Warehouse.Infrastructure.csproj", "{8A705FBD-3104-49FC-B76E-5E0BF5BFCB4E}"
EndProject
Global
	GlobalSection(SolutionConfigurationPlatforms) = preSolution
		Debug|Any CPU = Debug|Any CPU
		Release|Any CPU = Release|Any CPU
	EndGlobalSection
	GlobalSection(ProjectConfigurationPlatforms) = postSolution
		{D8F563B2-39E1-476E-B819-E868C427F0F2}.Debug|Any CPU.ActiveCfg = Debug|Any CPU
		{D8F563B2-39E1-476E-B819-E868C427F0F2}.Debug|Any CPU.Build.0 = Debug|Any CPU
		{D8F563B2-39E1-476E-B819-E868C427F0F2}.Release|Any CPU.ActiveCfg = Release|Any CPU
		{D8F563B2-39E1-476E-B819-E868C427F0F2}.Release|Any CPU.Build.0 = Release|Any CPU
		{A85027DD-F3D5-422D-922B-6699498C254B}.Debug|Any CPU.ActiveCfg = Debug|Any CPU
		{A85027DD-F3D5-422D-922B-6699498C254B}.Debug|Any CPU.Build.0 = Debug|Any CPU
		{A85027DD-F3D5-422D-922B-6699498C254B}.Release|Any CPU.ActiveCfg = Release|Any CPU
		{A85027DD-F3D5-422D-922B-6699498C254B}.Release|Any CPU.Build.0 = Release|Any CPU
		{7A77B7A3-F1F6-4982-9762-B0942D8BC3C1}.Debug|Any CPU.ActiveCfg = Debug|Any CPU
		{7A77B7A3-F1F6-4982-9762-B0942D8BC3C1}.Debug|Any CPU.Build.0 = Debug|Any CPU
		{7A77B7A3-F1F6-4982-9762-B0942D8BC3C1}.Release|Any CPU.ActiveCfg = Release|Any CPU
		{7A77B7A3-F1F6-4982-9762-B0942D8BC3C1}.Release|Any CPU.Build.0 = Release|Any CPU
		{8A705FBD-3104-49FC-B76E-5E0BF5BFCB4E}.Debug|Any CPU.ActiveCfg = Debug|Any CPU
		{8A705FBD-3104-49FC-B76E-5E0BF5BFCB4E}.Debug|Any CPU.Build.0 = Debug|Any CPU
		{8A705FBD-3104-49FC-B76E-5E0BF5BFCB4E}.Release|Any CPU.ActiveCfg = Release|Any CPU
		{8A705FBD-3104-49FC-B76E-5E0BF5BFCB4E}.Release|Any CPU.Build.0 = Release|Any CPU
	EndGlobalSection
	GlobalSection(SolutionProperties) = preSolution
		HideSolutionNode = FALSE
	EndGlobalSection
	GlobalSection(ExtensibilityGlobals) = postSolution
		SolutionGuid = {E4F58307-F648-421B-84DD-0696B88E15EF}
	EndGlobalSection
EndGlobal
